
Microsoft Visual Studio Solution File, Format Version 12.00
# Visual Studio 14
VisualStudioVersion = 14.0.25420.1
MinimumVisualStudioVersion = 10.0.40219.1
Project("{FAE04EC0-301F-11D3-BF4B-00C04F79EFBC}") = "NYCJobsWeb", "NYCJobsWeb\NYCJobsWeb.csproj", "{0380803A-C243-4F18-BD41-2C1D65296C96}"
EndProject
Project("{FAE04EC0-301F-11D3-BF4B-00C04F79EFBC}") = "NYCJobsWeb.Tests", "NYCJobsWeb.Tests\NYCJobsWeb.Tests.csproj", "{5E3787D4-E54A-40A9-8C93-B7D8E725B40F}"
EndProject
Project("{FAE04EC0-301F-11D3-BF4B-00C04F79EFBC}") = "NYCJobsWeb.AcceptanceTests", "NYCJobsWeb.AcceptanceTests\NYCJobsWeb.AcceptanceTests.csproj", "{1C6E343D-BE70-42EC-9F0E-9A825E3CB9F4}"
EndProject
Project("{2150E333-8FDC-42A3-9474-1A3956D46DE8}") = "Solution Items", "Solution Items", "{47728E36-BDD2-4D6C-9BD7-6398A93B7FD5}"
EndProject
Project("{2150E333-8FDC-42A3-9474-1A3956D46DE8}") = "Tools", "Tools", "{A0C5C43C-DF39-491D-9935-276B1E280B7A}"
	ProjectSection(SolutionItems) = preProject
		Tools\chromedriver.exe = Tools\chromedriver.exe
		Tools\phantomjs.exe = Tools\phantomjs.exe
	EndProjectSection
EndProject
Project("{2150E333-8FDC-42A3-9474-1A3956D46DE8}") = "Azure", "Azure", "{6E7D42E5-A956-46CD-A898-246379595FA9}"
EndProject
Project("{2150E333-8FDC-42A3-9474-1A3956D46DE8}") = "DevopsTrainingAdvanced", "DevopsTrainingAdvanced", "{A033447D-ECF4-418B-B163-B8A4370C37F9}"
	ProjectSection(SolutionItems) = preProject
		Azure\DevopsTrainingAdvanced\parameters.json = Azure\DevopsTrainingAdvanced\parameters.json
		Azure\DevopsTrainingAdvanced\template.json = Azure\DevopsTrainingAdvanced\template.json
	EndProjectSection
EndProject
Project("{2150E333-8FDC-42A3-9474-1A3956D46DE8}") = "DevopsTrainingAdvancedLab", "DevopsTrainingAdvancedLab", "{03335927-2999-456D-AF84-51D0AC8845D4}"
	ProjectSection(SolutionItems) = preProject
		Azure\DevopsTrainingAdvancedLab\parameters.json = Azure\DevopsTrainingAdvancedLab\parameters.json
		Azure\DevopsTrainingAdvancedLab\template.json = Azure\DevopsTrainingAdvancedLab\template.json
	EndProjectSection
EndProject
Project("{2150E333-8FDC-42A3-9474-1A3956D46DE8}") = "DevOpsTraining_20150105_Team1", "DevOpsTraining_20150105_Team1", "{58231B35-2BB6-4C58-873B-F99C56884E23}"
	ProjectSection(SolutionItems) = preProject
		Azure\DevOpsTraining_20150105_Team1\parameters.json = Azure\DevOpsTraining_20150105_Team1\parameters.json
		Azure\DevOpsTraining_20150105_Team1\template.json = Azure\DevOpsTraining_20150105_Team1\template.json
	EndProjectSection
EndProject
Project("{2150E333-8FDC-42A3-9474-1A3956D46DE8}") = "Deploy", "Deploy", "{081EF7B8-E2E4-4EA3-8044-F90BC8E10868}"
	ProjectSection(SolutionItems) = preProject
		Deploy\SetAzureWebsite.ps1 = Deploy\SetAzureWebsite.ps1
	EndProjectSection
EndProject
Project("{2150E333-8FDC-42A3-9474-1A3956D46DE8}") = "Tests", "Tests", "{7870D437-A7DE-4FEB-B379-E26202AF9FE3}"
	ProjectSection(SolutionItems) = preProject
		NYCJobsWeb.AcceptanceTests.runsettings = NYCJobsWeb.AcceptanceTests.runsettings
	EndProjectSection
EndProject
Project("{2150E333-8FDC-42A3-9474-1A3956D46DE8}") = "Security", "Security", "{0C113F30-0ECD-4E0E-923E-1F0CB569DADF}"
	ProjectSection(SolutionItems) = preProject
		Security\LifeCycleUpload.bat = Security\LifeCycleUpload.bat
		Security\sonatype-clm-sonarqube-1.0.4.jar = Security\sonatype-clm-sonarqube-1.0.4.jar
	EndProjectSection
EndProject
Global
	GlobalSection(SolutionConfigurationPlatforms) = preSolution
		Debug|Any CPU = Debug|Any CPU
		Release|Any CPU = Release|Any CPU
	EndGlobalSection
	GlobalSection(ProjectConfigurationPlatforms) = postSolution
		{0380803A-C243-4F18-BD41-2C1D65296C96}.Debug|Any CPU.ActiveCfg = Debug|Any CPU
		{0380803A-C243-4F18-BD41-2C1D65296C96}.Debug|Any CPU.Build.0 = Debug|Any CPU
		{0380803A-C243-4F18-BD41-2C1D65296C96}.Release|Any CPU.ActiveCfg = Release|Any CPU
		{0380803A-C243-4F18-BD41-2C1D65296C96}.Release|Any CPU.Build.0 = Release|Any CPU
		{5E3787D4-E54A-40A9-8C93-B7D8E725B40F}.Debug|Any CPU.ActiveCfg = Debug|Any CPU
		{5E3787D4-E54A-40A9-8C93-B7D8E725B40F}.Debug|Any CPU.Build.0 = Debug|Any CPU
		{5E3787D4-E54A-40A9-8C93-B7D8E725B40F}.Release|Any CPU.ActiveCfg = Release|Any CPU
		{5E3787D4-E54A-40A9-8C93-B7D8E725B40F}.Release|Any CPU.Build.0 = Release|Any CPU
		{1C6E343D-BE70-42EC-9F0E-9A825E3CB9F4}.Debug|Any CPU.ActiveCfg = Debug|Any CPU
		{1C6E343D-BE70-42EC-9F0E-9A825E3CB9F4}.Debug|Any CPU.Build.0 = Debug|Any CPU
		{1C6E343D-BE70-42EC-9F0E-9A825E3CB9F4}.Release|Any CPU.ActiveCfg = Release|Any CPU
		{1C6E343D-BE70-42EC-9F0E-9A825E3CB9F4}.Release|Any CPU.Build.0 = Release|Any CPU
	EndGlobalSection
	GlobalSection(SolutionProperties) = preSolution
		HideSolutionNode = FALSE
	EndGlobalSection
	GlobalSection(NestedProjects) = preSolution
		{A0C5C43C-DF39-491D-9935-276B1E280B7A} = {47728E36-BDD2-4D6C-9BD7-6398A93B7FD5}
		{6E7D42E5-A956-46CD-A898-246379595FA9} = {47728E36-BDD2-4D6C-9BD7-6398A93B7FD5}
		{A033447D-ECF4-418B-B163-B8A4370C37F9} = {6E7D42E5-A956-46CD-A898-246379595FA9}
		{03335927-2999-456D-AF84-51D0AC8845D4} = {6E7D42E5-A956-46CD-A898-246379595FA9}
		{58231B35-2BB6-4C58-873B-F99C56884E23} = {6E7D42E5-A956-46CD-A898-246379595FA9}
		{081EF7B8-E2E4-4EA3-8044-F90BC8E10868} = {47728E36-BDD2-4D6C-9BD7-6398A93B7FD5}
		{7870D437-A7DE-4FEB-B379-E26202AF9FE3} = {47728E36-BDD2-4D6C-9BD7-6398A93B7FD5}
		{0C113F30-0ECD-4E0E-923E-1F0CB569DADF} = {47728E36-BDD2-4D6C-9BD7-6398A93B7FD5}
	EndGlobalSection
EndGlobal
